
Microsoft Visual Studio Solution File, Format Version 12.00
# Visual Studio Version 16
VisualStudioVersion = 16.0.32630.194
MinimumVisualStudioVersion = 10.0.40219.1
Project("{6989167D-11E4-40FE-8C1A-2192A86A7E90}") = "SinglyLinkedList", "SinglyLinkedList.vfproj", "{B9543C47-4998-4A86-BC91-7D822DCAFEDA}"
EndProject
Global
	GlobalSection(SolutionConfigurationPlatforms) = preSolution
		Debug|x64 = Debug|x64
		Debug|x86 = Debug|x86
		Release|x64 = Release|x64
		Release|x86 = Release|x86
	EndGlobalSection
	GlobalSection(ProjectConfigurationPlatforms) = postSolution
		{B9543C47-4998-4A86-BC91-7D822DCAFEDA}.Debug|x64.ActiveCfg = Debug|x64
		{B9543C47-4998-4A86-BC91-7D822DCAFEDA}.Debug|x64.Build.0 = Debug|x64
		{B9543C47-4998-4A86-BC91-7D822DCAFEDA}.Debug|x86.ActiveCfg = Debug|Win32
		{B9543C47-4998-4A86-BC91-7D822DCAFEDA}.Debug|x86.Build.0 = Debug|Win32
		{B9543C47-4998-4A86-BC91-7D822DCAFEDA}.Release|x64.ActiveCfg = Release|x64
		{B9543C47-4998-4A86-BC91-7D822DCAFEDA}.Release|x64.Build.0 = Release|x64
		{B9543C47-4998-4A86-BC91-7D822DCAFEDA}.Release|x86.ActiveCfg = Release|Win32
		{B9543C47-4998-4A86-BC91-7D822DCAFEDA}.Release|x86.Build.0 = Release|Win32
	EndGlobalSection
	GlobalSection(SolutionProperties) = preSolution
		HideSolutionNode = FALSE
	EndGlobalSection
	GlobalSection(ExtensibilityGlobals) = postSolution
		SolutionGuid = {6DAEAEA7-283C-4058-887D-CD85B28F6D49}
	EndGlobalSection
EndGlobal
